
Microsoft Visual Studio Solution File, Format Version 12.00
# Visual Studio Version 16
VisualStudioVersion = 16.0.30011.22
MinimumVisualStudioVersion = 10.0.40219.1
Project("{FAE04EC0-301F-11D3-BF4B-00C04F79EFBC}") = "CardioSpike", "CardioSpike\CardioSpike.csproj", "{B601DAA9-24FB-4E44-9617-85081EADE5DE}"
EndProject
Project("{FAE04EC0-301F-11D3-BF4B-00C04F79EFBC}") = "CardioSpikeTest", "CardioSpikeTest\CardioSpikeTest.csproj", "{634E6E9D-000D-42C5-A383-3C83CDD02E1B}"
EndProject
Global
	GlobalSection(SolutionConfigurationPlatforms) = preSolution
		Debug|Any CPU = Debug|Any CPU
		Release|Any CPU = Release|Any CPU
	EndGlobalSection
	GlobalSection(ProjectConfigurationPlatforms) = postSolution
		{B601DAA9-24FB-4E44-9617-85081EADE5DE}.Debug|Any CPU.ActiveCfg = Debug|Any CPU
		{B601DAA9-24FB-4E44-9617-85081EADE5DE}.Debug|Any CPU.Build.0 = Debug|Any CPU
		{B601DAA9-24FB-4E44-9617-85081EADE5DE}.Release|Any CPU.ActiveCfg = Release|Any CPU
		{B601DAA9-24FB-4E44-9617-85081EADE5DE}.Release|Any CPU.Build.0 = Release|Any CPU
		{634E6E9D-000D-42C5-A383-3C83CDD02E1B}.Debug|Any CPU.ActiveCfg = Debug|Any CPU
		{634E6E9D-000D-42C5-A383-3C83CDD02E1B}.Debug|Any CPU.Build.0 = Debug|Any CPU
		{634E6E9D-000D-42C5-A383-3C83CDD02E1B}.Release|Any CPU.ActiveCfg = Release|Any CPU
		{634E6E9D-000D-42C5-A383-3C83CDD02E1B}.Release|Any CPU.Build.0 = Release|Any CPU
	EndGlobalSection
	GlobalSection(SolutionProperties) = preSolution
		HideSolutionNode = FALSE
	EndGlobalSection
	GlobalSection(ExtensibilityGlobals) = postSolution
		SolutionGuid = {F06DB783-1E98-42D9-B73F-7D98805E5CFC}
	EndGlobalSection
EndGlobal
